{
  "requires": true,
  "lockfileVersion": 1,
  "dependencies": {
    "uni-cloud-router": {
      "version": "0.0.10",
      "resolved": "https://registry.npmjs.org/uni-cloud-router/-/uni-cloud-router-0.0.10.tgz",
      "integrity": "sha512-gPMYh9HF/drINWHuRqDwVQECyTiBUQFr15dndfRRQD7Jbx9rUOBAfofuKhJfS3IArrChEw6ftJ7dvFl7xmi2eA=="
    }
  }
}
